{
  "name": "assets",
  "lockfileVersion": 2,
  "requires": true,
  "packages": {
    "": {
      "dependencies": {
        "motion": "^10.14.2"
      },
      "devDependencies": {
        "phoenix_live_view": "file:../deps/phoenix_live_view",
        "typescript": "^4.6.3"
      }
    },
    "../deps/phoenix_live_view": {
      "version": "0.18.2",
      "dev": true,
      "license": "MIT"
    },
    "node_modules/@motionone/animation": {
      "version": "10.14.0",
      "resolved": "https://registry.npmjs.org/@motionone/animation/-/animation-10.14.0.tgz",
      "integrity": "sha512-h+1sdyBP8vbxEBW5gPFDnj+m2DCqdlAuf2g6Iafb1lcMnqjsRXWlPw1AXgvUMXmreyhqmPbJqoNfIKdytampRQ==",
      "dependencies": {
        "@motionone/easing": "^10.14.0",
        "@motionone/types": "^10.14.0",
        "@motionone/utils": "^10.14.0",
        "tslib": "^2.3.1"
      }
    },
    "node_modules/@motionone/dom": {
      "version": "10.14.2",
      "resolved": "https://registry.npmjs.org/@motionone/dom/-/dom-10.14.2.tgz",
      "integrity": "sha512-GbGtvTSelXfT4TeQUQ3Y31PllAu0Uvghqr68FSPAJsh1hjbuYPaiPJWpP6+t/t50cHtvUbl4m2SgnGKJ0NCgWA==",
      "dependencies": {
        "@motionone/animation": "^10.14.0",
        "@motionone/generators": "^10.14.0",
        "@motionone/types": "^10.14.0",
        "@motionone/utils": "^10.14.0",
        "hey-listen": "^1.0.8",
        "tslib": "^2.3.1"
      }
    },
    "node_modules/@motionone/easing": {
      "version": "10.14.0",
      "resolved": "https://registry.npmjs.org/@motionone/easing/-/easing-10.14.0.tgz",
      "integrity": "sha512-2vUBdH9uWTlRbuErhcsMmt1jvMTTqvGmn9fHq8FleFDXBlHFs5jZzHJT9iw+4kR1h6a4SZQuCf72b9ji92qNYA==",
      "dependencies": {
        "@motionone/utils": "^10.14.0",
        "tslib": "^2.3.1"
      }
    },
    "node_modules/@motionone/generators": {
      "version": "10.14.0",
      "resolved": "https://registry.npmjs.org/@motionone/generators/-/generators-10.14.0.tgz",
      "integrity": "sha512-6kRHezoFfIjFN7pPpaxmkdZXD36tQNcyJe3nwVqwJ+ZfC0e3rFmszR8kp9DEVFs9QL/akWjuGPSLBI1tvz+Vjg==",
      "dependencies": {
        "@motionone/types": "^10.14.0",
        "@motionone/utils": "^10.14.0",
        "tslib": "^2.3.1"
      }
    },
    "node_modules/@motionone/svelte": {
      "version": "10.14.2",
      "resolved": "https://registry.npmjs.org/@motionone/svelte/-/svelte-10.14.2.tgz",
      "integrity": "sha512-WKgER0eH7b8q0/ODElHIbzMM3uIINdcdCw87jf7xqs4daidsy6e1ckh2XJF2Z8zyWyUEtO4VHvGumRX7EjrxFA==",
      "dependencies": {
        "@motionone/dom": "^10.14.2",
        "tslib": "^2.3.1"
      }
    },
    "node_modules/@motionone/types": {
      "version": "10.14.0",
      "resolved": "https://registry.npmjs.org/@motionone/types/-/types-10.14.0.tgz",
      "integrity": "sha512-3bNWyYBHtVd27KncnJLhksMFQ5o2MSdk1cA/IZqsHtA9DnRM1SYgN01CTcJ8Iw8pCXF5Ocp34tyAjY7WRpOJJQ=="
    },
    "node_modules/@motionone/utils": {
      "version": "10.14.0",
      "resolved": "https://registry.npmjs.org/@motionone/utils/-/utils-10.14.0.tgz",
      "integrity": "sha512-sLWBLPzRqkxmOTRzSaD3LFQXCPHvDzyHJ1a3VP9PRzBxyVd2pv51/gMOsdAcxQ9n+MIeGJnxzXBYplUHKj4jkw==",
      "dependencies": {
        "@motionone/types": "^10.14.0",
        "hey-listen": "^1.0.8",
        "tslib": "^2.3.1"
      }
    },
    "node_modules/@motionone/vue": {
      "version": "10.14.2",
      "resolved": "https://registry.npmjs.org/@motionone/vue/-/vue-10.14.2.tgz",
      "integrity": "sha512-nxC/j4WhOsXxVDUdWHJDUIvHSb97eu0Kn1HNzGp08Fm9WTFkKy0HtJtTqTdkGVks2jB/XBh/FO3wU2OzyDFZNw==",
      "dependencies": {
        "@motionone/dom": "^10.14.2",
        "tslib": "^2.3.1"
      }
    },
    "node_modules/hey-listen": {
      "version": "1.0.8",
      "resolved": "https://registry.npmjs.org/hey-listen/-/hey-listen-1.0.8.tgz",
      "integrity": "sha512-COpmrF2NOg4TBWUJ5UVyaCU2A88wEMkUPK4hNqyCkqHbxT92BbvfjoSozkAIIm6XhicGlJHhFdullInrdhwU8Q=="
    },
    "node_modules/motion": {
      "version": "10.14.2",
      "resolved": "https://registry.npmjs.org/motion/-/motion-10.14.2.tgz",
      "integrity": "sha512-zZp9PL4/O7nSgQBWBDdyvGm25Ef/hQUUVAOnyzxn2IvAhp496M+RB9p1ce4nN7cYLizox2Bq77/dTIjFGkJmAw==",
      "dependencies": {
        "@motionone/animation": "^10.14.0",
        "@motionone/dom": "^10.14.2",
        "@motionone/svelte": "^10.14.2",
        "@motionone/types": "^10.14.0",
        "@motionone/utils": "^10.14.0",
        "@motionone/vue": "^10.14.2"
      }
    },
    "node_modules/phoenix_live_view": {
      "resolved": "../deps/phoenix_live_view",
      "link": true
    },
    "node_modules/tslib": {
      "version": "2.4.0",
      "resolved": "https://registry.npmjs.org/tslib/-/tslib-2.4.0.tgz",
      "integrity": "sha512-d6xOpEDfsi2CZVlPQzGeux8XMwLT9hssAsaPYExaQMuYskwb+x1x7J371tWlbBdWHroy99KnVB6qIkUbs5X3UQ=="
    },
    "node_modules/typescript": {
      "version": "4.6.3",
      "resolved": "https://registry.npmjs.org/typescript/-/typescript-4.6.3.tgz",
      "integrity": "sha512-yNIatDa5iaofVozS/uQJEl3JRWLKKGJKh6Yaiv0GLGSuhpFJe7P3SbHZ8/yjAHRQwKRoA6YZqlfjXWmVzoVSMw==",
      "dev": true,
      "bin": {
        "tsc": "bin/tsc",
        "tsserver": "bin/tsserver"
      },
      "engines": {
        "node": ">=4.2.0"
      }
    }
  },
  "dependencies": {
    "@motionone/animation": {
      "version": "10.14.0",
      "resolved": "https://registry.npmjs.org/@motionone/animation/-/animation-10.14.0.tgz",
      "integrity": "sha512-h+1sdyBP8vbxEBW5gPFDnj+m2DCqdlAuf2g6Iafb1lcMnqjsRXWlPw1AXgvUMXmreyhqmPbJqoNfIKdytampRQ==",
      "requires": {
        "@motionone/easing": "^10.14.0",
        "@motionone/types": "^10.14.0",
        "@motionone/utils": "^10.14.0",
        "tslib": "^2.3.1"
      }
    },
    "@motionone/dom": {
      "version": "10.14.2",
      "resolved": "https://registry.npmjs.org/@motionone/dom/-/dom-10.14.2.tgz",
      "integrity": "sha512-GbGtvTSelXfT4TeQUQ3Y31PllAu0Uvghqr68FSPAJsh1hjbuYPaiPJWpP6+t/t50cHtvUbl4m2SgnGKJ0NCgWA==",
      "requires": {
        "@motionone/animation": "^10.14.0",
        "@motionone/generators": "^10.14.0",
        "@motionone/types": "^10.14.0",
        "@motionone/utils": "^10.14.0",
        "hey-listen": "^1.0.8",
        "tslib": "^2.3.1"
      }
    },
    "@motionone/easing": {
      "version": "10.14.0",
      "resolved": "https://registry.npmjs.org/@motionone/easing/-/easing-10.14.0.tgz",
      "integrity": "sha512-2vUBdH9uWTlRbuErhcsMmt1jvMTTqvGmn9fHq8FleFDXBlHFs5jZzHJT9iw+4kR1h6a4SZQuCf72b9ji92qNYA==",
      "requires": {
        "@motionone/utils": "^10.14.0",
        "tslib": "^2.3.1"
      }
    },
    "@motionone/generators": {
      "version": "10.14.0",
      "resolved": "https://registry.npmjs.org/@motionone/generators/-/generators-10.14.0.tgz",
      "integrity": "sha512-6kRHezoFfIjFN7pPpaxmkdZXD36tQNcyJe3nwVqwJ+ZfC0e3rFmszR8kp9DEVFs9QL/akWjuGPSLBI1tvz+Vjg==",
      "requires": {
        "@motionone/types": "^10.14.0",
        "@motionone/utils": "^10.14.0",
        "tslib": "^2.3.1"
      }
    },
    "@motionone/svelte": {
      "version": "10.14.2",
      "resolved": "https://registry.npmjs.org/@motionone/svelte/-/svelte-10.14.2.tgz",
      "integrity": "sha512-WKgER0eH7b8q0/ODElHIbzMM3uIINdcdCw87jf7xqs4daidsy6e1ckh2XJF2Z8zyWyUEtO4VHvGumRX7EjrxFA==",
      "requires": {
        "@motionone/dom": "^10.14.2",
        "tslib": "^2.3.1"
      }
    },
    "@motionone/types": {
      "version": "10.14.0",
      "resolved": "https://registry.npmjs.org/@motionone/types/-/types-10.14.0.tgz",
      "integrity": "sha512-3bNWyYBHtVd27KncnJLhksMFQ5o2MSdk1cA/IZqsHtA9DnRM1SYgN01CTcJ8Iw8pCXF5Ocp34tyAjY7WRpOJJQ=="
    },
    "@motionone/utils": {
      "version": "10.14.0",
      "resolved": "https://registry.npmjs.org/@motionone/utils/-/utils-10.14.0.tgz",
      "integrity": "sha512-sLWBLPzRqkxmOTRzSaD3LFQXCPHvDzyHJ1a3VP9PRzBxyVd2pv51/gMOsdAcxQ9n+MIeGJnxzXBYplUHKj4jkw==",
      "requires": {
        "@motionone/types": "^10.14.0",
        "hey-listen": "^1.0.8",
        "tslib": "^2.3.1"
      }
    },
    "@motionone/vue": {
      "version": "10.14.2",
      "resolved": "https://registry.npmjs.org/@motionone/vue/-/vue-10.14.2.tgz",
      "integrity": "sha512-nxC/j4WhOsXxVDUdWHJDUIvHSb97eu0Kn1HNzGp08Fm9WTFkKy0HtJtTqTdkGVks2jB/XBh/FO3wU2OzyDFZNw==",
      "requires": {
        "@motionone/dom": "^10.14.2",
        "tslib": "^2.3.1"
      }
    },
    "hey-listen": {
      "version": "1.0.8",
      "resolved": "https://registry.npmjs.org/hey-listen/-/hey-listen-1.0.8.tgz",
      "integrity": "sha512-COpmrF2NOg4TBWUJ5UVyaCU2A88wEMkUPK4hNqyCkqHbxT92BbvfjoSozkAIIm6XhicGlJHhFdullInrdhwU8Q=="
    },
    "motion": {
      "version": "10.14.2",
      "resolved": "https://registry.npmjs.org/motion/-/motion-10.14.2.tgz",
      "integrity": "sha512-zZp9PL4/O7nSgQBWBDdyvGm25Ef/hQUUVAOnyzxn2IvAhp496M+RB9p1ce4nN7cYLizox2Bq77/dTIjFGkJmAw==",
      "requires": {
        "@motionone/animation": "^10.14.0",
        "@motionone/dom": "^10.14.2",
        "@motionone/svelte": "^10.14.2",
        "@motionone/types": "^10.14.0",
        "@motionone/utils": "^10.14.0",
        "@motionone/vue": "^10.14.2"
      }
    },
    "phoenix_live_view": {
      "version": "file:../deps/phoenix_live_view"
    },
    "tslib": {
      "version": "2.4.0",
      "resolved": "https://registry.npmjs.org/tslib/-/tslib-2.4.0.tgz",
      "integrity": "sha512-d6xOpEDfsi2CZVlPQzGeux8XMwLT9hssAsaPYExaQMuYskwb+x1x7J371tWlbBdWHroy99KnVB6qIkUbs5X3UQ=="
    },
    "typescript": {
      "version": "4.6.3",
      "resolved": "https://registry.npmjs.org/typescript/-/typescript-4.6.3.tgz",
      "integrity": "sha512-yNIatDa5iaofVozS/uQJEl3JRWLKKGJKh6Yaiv0GLGSuhpFJe7P3SbHZ8/yjAHRQwKRoA6YZqlfjXWmVzoVSMw==",
      "dev": true
    }
  }
}
