{
  "name": "assets",
  "lockfileVersion": 2,
  "requires": true,
  "packages": {
    "": {
      "dependencies": {
        "motion": "^10.13.1"
      },
      "devDependencies": {
        "phoenix_live_view": "file:../deps/phoenix_live_view",
        "typescript": "^4.6.3"
      }
    },
    "../deps/phoenix_live_view": {
      "version": "0.17.9",
      "dev": true,
      "license": "MIT"
    },
    "node_modules/@motionone/animation": {
      "version": "10.13.1",
      "resolved": "https://registry.npmjs.org/@motionone/animation/-/animation-10.13.1.tgz",
      "integrity": "sha512-dxQ+1wWxL6iFHDy1uv6hhcPjIdOg36eDT56jN4LI7Z5HZRyLpq8x1t7JFQclo/IEIb+6Bk4atmyinGFdXVECuA==",
      "dependencies": {
        "@motionone/easing": "^10.13.1",
        "@motionone/types": "^10.13.0",
        "@motionone/utils": "^10.13.1",
        "tslib": "^2.3.1"
      }
    },
    "node_modules/@motionone/dom": {
      "version": "10.13.1",
      "resolved": "https://registry.npmjs.org/@motionone/dom/-/dom-10.13.1.tgz",
      "integrity": "sha512-zjfX+AGMIt/fIqd/SL1Lj93S6AiJsEA3oc5M9VkUr+Gz+juRmYN1vfvZd6MvEkSqEjwPQgcjN7rGZHrDB9APfQ==",
      "dependencies": {
        "@motionone/animation": "^10.13.1",
        "@motionone/generators": "^10.13.1",
        "@motionone/types": "^10.13.0",
        "@motionone/utils": "^10.13.1",
        "hey-listen": "^1.0.8",
        "tslib": "^2.3.1"
      }
    },
    "node_modules/@motionone/easing": {
      "version": "10.13.1",
      "resolved": "https://registry.npmjs.org/@motionone/easing/-/easing-10.13.1.tgz",
      "integrity": "sha512-INEsInHHDHVgx0dp5qlXi1lMXBqYicgLMMSn3zfGzaIvcaEbI1Uz8BoyNV4BiclTupG7RYIh+T6BU83ZcEe74g==",
      "dependencies": {
        "@motionone/utils": "^10.13.1",
        "tslib": "^2.3.1"
      }
    },
    "node_modules/@motionone/generators": {
      "version": "10.13.1",
      "resolved": "https://registry.npmjs.org/@motionone/generators/-/generators-10.13.1.tgz",
      "integrity": "sha512-+HK5u2YcNJCckTTqfOLgSVcrWv2z1dVwrSZEMVJuAh0EnWEWGDJRvMBoPc0cFf/osbkA2Rq9bH2+vP0Ex/D8uw==",
      "dependencies": {
        "@motionone/types": "^10.13.0",
        "@motionone/utils": "^10.13.1",
        "tslib": "^2.3.1"
      }
    },
    "node_modules/@motionone/svelte": {
      "version": "10.13.1",
      "resolved": "https://registry.npmjs.org/@motionone/svelte/-/svelte-10.13.1.tgz",
      "integrity": "sha512-9d73nH4Uow0zC68ubSRYbmN/e2V7t16dSoDrBU1TfY2fue4ol+NJo8cd8ptT+5RRKmslmB3fg4swmDcGkOslJA==",
      "dependencies": {
        "@motionone/dom": "^10.13.1",
        "tslib": "^2.3.1"
      }
    },
    "node_modules/@motionone/types": {
      "version": "10.13.0",
      "resolved": "https://registry.npmjs.org/@motionone/types/-/types-10.13.0.tgz",
      "integrity": "sha512-qegk4qg8U1N9ZwAJ187BG3TkZz1k9LP/pvNtCSlqdq/PMUDKlCFG4ZnjJ481P0IOH/vIw1OzIbKIuyg0A3rk9g=="
    },
    "node_modules/@motionone/utils": {
      "version": "10.13.1",
      "resolved": "https://registry.npmjs.org/@motionone/utils/-/utils-10.13.1.tgz",
      "integrity": "sha512-TjDPTIppaf3ofBXQv4ZzAketJgN0sclALXfZ6mfrkjJkOy83mLls9744F+6S+VKCpBmvbZcBY4PQfrfhAfeMtA==",
      "dependencies": {
        "@motionone/types": "^10.13.0",
        "hey-listen": "^1.0.8",
        "tslib": "^2.3.1"
      }
    },
    "node_modules/@motionone/vue": {
      "version": "10.13.1",
      "resolved": "https://registry.npmjs.org/@motionone/vue/-/vue-10.13.1.tgz",
      "integrity": "sha512-Zg0FnLWVLFhpAd3fh3avkTgbYITE75ldgwh2VMz346uwOpKz2gPHyYq5CmoW/wzUMvfCMfjy1dqmzZThii71ew==",
      "dependencies": {
        "@motionone/dom": "^10.13.1",
        "tslib": "^2.3.1"
      }
    },
    "node_modules/hey-listen": {
      "version": "1.0.8",
      "resolved": "https://registry.npmjs.org/hey-listen/-/hey-listen-1.0.8.tgz",
      "integrity": "sha512-COpmrF2NOg4TBWUJ5UVyaCU2A88wEMkUPK4hNqyCkqHbxT92BbvfjoSozkAIIm6XhicGlJHhFdullInrdhwU8Q=="
    },
    "node_modules/motion": {
      "version": "10.13.1",
      "resolved": "https://registry.npmjs.org/motion/-/motion-10.13.1.tgz",
      "integrity": "sha512-MPTlDUiIhB5q/KGt3LPykAelJMZ6EM5xNr/zL21PlD68TLsNY0ox8rPiXfTUzjCh5BV04+8RLkjhnj/UNInH6w==",
      "dependencies": {
        "@motionone/animation": "^10.13.1",
        "@motionone/dom": "^10.13.1",
        "@motionone/svelte": "^10.13.1",
        "@motionone/types": "^10.13.0",
        "@motionone/utils": "^10.13.1",
        "@motionone/vue": "^10.13.1"
      }
    },
    "node_modules/phoenix_live_view": {
      "resolved": "../deps/phoenix_live_view",
      "link": true
    },
    "node_modules/tslib": {
      "version": "2.4.0",
      "resolved": "https://registry.npmjs.org/tslib/-/tslib-2.4.0.tgz",
      "integrity": "sha512-d6xOpEDfsi2CZVlPQzGeux8XMwLT9hssAsaPYExaQMuYskwb+x1x7J371tWlbBdWHroy99KnVB6qIkUbs5X3UQ=="
    },
    "node_modules/typescript": {
      "version": "4.6.3",
      "resolved": "https://registry.npmjs.org/typescript/-/typescript-4.6.3.tgz",
      "integrity": "sha512-yNIatDa5iaofVozS/uQJEl3JRWLKKGJKh6Yaiv0GLGSuhpFJe7P3SbHZ8/yjAHRQwKRoA6YZqlfjXWmVzoVSMw==",
      "dev": true,
      "bin": {
        "tsc": "bin/tsc",
        "tsserver": "bin/tsserver"
      },
      "engines": {
        "node": ">=4.2.0"
      }
    }
  },
  "dependencies": {
    "@motionone/animation": {
      "version": "10.13.1",
      "resolved": "https://registry.npmjs.org/@motionone/animation/-/animation-10.13.1.tgz",
      "integrity": "sha512-dxQ+1wWxL6iFHDy1uv6hhcPjIdOg36eDT56jN4LI7Z5HZRyLpq8x1t7JFQclo/IEIb+6Bk4atmyinGFdXVECuA==",
      "requires": {
        "@motionone/easing": "^10.13.1",
        "@motionone/types": "^10.13.0",
        "@motionone/utils": "^10.13.1",
        "tslib": "^2.3.1"
      }
    },
    "@motionone/dom": {
      "version": "10.13.1",
      "resolved": "https://registry.npmjs.org/@motionone/dom/-/dom-10.13.1.tgz",
      "integrity": "sha512-zjfX+AGMIt/fIqd/SL1Lj93S6AiJsEA3oc5M9VkUr+Gz+juRmYN1vfvZd6MvEkSqEjwPQgcjN7rGZHrDB9APfQ==",
      "requires": {
        "@motionone/animation": "^10.13.1",
        "@motionone/generators": "^10.13.1",
        "@motionone/types": "^10.13.0",
        "@motionone/utils": "^10.13.1",
        "hey-listen": "^1.0.8",
        "tslib": "^2.3.1"
      }
    },
    "@motionone/easing": {
      "version": "10.13.1",
      "resolved": "https://registry.npmjs.org/@motionone/easing/-/easing-10.13.1.tgz",
      "integrity": "sha512-INEsInHHDHVgx0dp5qlXi1lMXBqYicgLMMSn3zfGzaIvcaEbI1Uz8BoyNV4BiclTupG7RYIh+T6BU83ZcEe74g==",
      "requires": {
        "@motionone/utils": "^10.13.1",
        "tslib": "^2.3.1"
      }
    },
    "@motionone/generators": {
      "version": "10.13.1",
      "resolved": "https://registry.npmjs.org/@motionone/generators/-/generators-10.13.1.tgz",
      "integrity": "sha512-+HK5u2YcNJCckTTqfOLgSVcrWv2z1dVwrSZEMVJuAh0EnWEWGDJRvMBoPc0cFf/osbkA2Rq9bH2+vP0Ex/D8uw==",
      "requires": {
        "@motionone/types": "^10.13.0",
        "@motionone/utils": "^10.13.1",
        "tslib": "^2.3.1"
      }
    },
    "@motionone/svelte": {
      "version": "10.13.1",
      "resolved": "https://registry.npmjs.org/@motionone/svelte/-/svelte-10.13.1.tgz",
      "integrity": "sha512-9d73nH4Uow0zC68ubSRYbmN/e2V7t16dSoDrBU1TfY2fue4ol+NJo8cd8ptT+5RRKmslmB3fg4swmDcGkOslJA==",
      "requires": {
        "@motionone/dom": "^10.13.1",
        "tslib": "^2.3.1"
      }
    },
    "@motionone/types": {
      "version": "10.13.0",
      "resolved": "https://registry.npmjs.org/@motionone/types/-/types-10.13.0.tgz",
      "integrity": "sha512-qegk4qg8U1N9ZwAJ187BG3TkZz1k9LP/pvNtCSlqdq/PMUDKlCFG4ZnjJ481P0IOH/vIw1OzIbKIuyg0A3rk9g=="
    },
    "@motionone/utils": {
      "version": "10.13.1",
      "resolved": "https://registry.npmjs.org/@motionone/utils/-/utils-10.13.1.tgz",
      "integrity": "sha512-TjDPTIppaf3ofBXQv4ZzAketJgN0sclALXfZ6mfrkjJkOy83mLls9744F+6S+VKCpBmvbZcBY4PQfrfhAfeMtA==",
      "requires": {
        "@motionone/types": "^10.13.0",
        "hey-listen": "^1.0.8",
        "tslib": "^2.3.1"
      }
    },
    "@motionone/vue": {
      "version": "10.13.1",
      "resolved": "https://registry.npmjs.org/@motionone/vue/-/vue-10.13.1.tgz",
      "integrity": "sha512-Zg0FnLWVLFhpAd3fh3avkTgbYITE75ldgwh2VMz346uwOpKz2gPHyYq5CmoW/wzUMvfCMfjy1dqmzZThii71ew==",
      "requires": {
        "@motionone/dom": "^10.13.1",
        "tslib": "^2.3.1"
      }
    },
    "hey-listen": {
      "version": "1.0.8",
      "resolved": "https://registry.npmjs.org/hey-listen/-/hey-listen-1.0.8.tgz",
      "integrity": "sha512-COpmrF2NOg4TBWUJ5UVyaCU2A88wEMkUPK4hNqyCkqHbxT92BbvfjoSozkAIIm6XhicGlJHhFdullInrdhwU8Q=="
    },
    "motion": {
      "version": "10.13.1",
      "resolved": "https://registry.npmjs.org/motion/-/motion-10.13.1.tgz",
      "integrity": "sha512-MPTlDUiIhB5q/KGt3LPykAelJMZ6EM5xNr/zL21PlD68TLsNY0ox8rPiXfTUzjCh5BV04+8RLkjhnj/UNInH6w==",
      "requires": {
        "@motionone/animation": "^10.13.1",
        "@motionone/dom": "^10.13.1",
        "@motionone/svelte": "^10.13.1",
        "@motionone/types": "^10.13.0",
        "@motionone/utils": "^10.13.1",
        "@motionone/vue": "^10.13.1"
      }
    },
    "phoenix_live_view": {
      "version": "file:../deps/phoenix_live_view"
    },
    "tslib": {
      "version": "2.4.0",
      "resolved": "https://registry.npmjs.org/tslib/-/tslib-2.4.0.tgz",
      "integrity": "sha512-d6xOpEDfsi2CZVlPQzGeux8XMwLT9hssAsaPYExaQMuYskwb+x1x7J371tWlbBdWHroy99KnVB6qIkUbs5X3UQ=="
    },
    "typescript": {
      "version": "4.6.3",
      "resolved": "https://registry.npmjs.org/typescript/-/typescript-4.6.3.tgz",
      "integrity": "sha512-yNIatDa5iaofVozS/uQJEl3JRWLKKGJKh6Yaiv0GLGSuhpFJe7P3SbHZ8/yjAHRQwKRoA6YZqlfjXWmVzoVSMw==",
      "dev": true
    }
  }
}
